
Microsoft Visual Studio Solution File, Format Version 12.00
# Visual Studio Version 17
VisualStudioVersion = 17.5.33516.290
MinimumVisualStudioVersion = 10.0.40219.1
Project("{9A19103F-16F7-4668-BE54-9A1E7A4F7556}") = "TodoParaTuPerro", "TodoParaTuPerro.csproj", "{8EFEFD3E-EBD6-4359-8339-E6F5D41292C6}"
EndProject
Global
	GlobalSection(SolutionConfigurationPlatforms) = preSolution
		Debug|Any CPU = Debug|Any CPU
		Release|Any CPU = Release|Any CPU
	EndGlobalSection
	GlobalSection(ProjectConfigurationPlatforms) = postSolution
		{8EFEFD3E-EBD6-4359-8339-E6F5D41292C6}.Debug|Any CPU.ActiveCfg = Debug|Any CPU
		{8EFEFD3E-EBD6-4359-8339-E6F5D41292C6}.Debug|Any CPU.Build.0 = Debug|Any CPU
		{8EFEFD3E-EBD6-4359-8339-E6F5D41292C6}.Release|Any CPU.ActiveCfg = Release|Any CPU
		{8EFEFD3E-EBD6-4359-8339-E6F5D41292C6}.Release|Any CPU.Build.0 = Release|Any CPU
	EndGlobalSection
	GlobalSection(SolutionProperties) = preSolution
		HideSolutionNode = FALSE
	EndGlobalSection
	GlobalSection(ExtensibilityGlobals) = postSolution
		SolutionGuid = {08149528-A5F5-46E0-8175-AF4A36C7DDF0}
	EndGlobalSection
EndGlobal
